GEM
  remote: https://rubygems.org/
  specs:
    base64 (0.3.0)
    ethon (0.15.0)
      ffi (>= 1.15.0)
    ffi (1.17.2-x64-mingw-ucrt)
    json (2.15.2)
    logger (1.7.0)
    mailslurp_client (17.0.0)
    mini_portile2 (2.8.9)
    multi_json (1.17.0)
    mustermann (3.0.4)
      ruby2_keywords (~> 0.0.1)
    nio4r (2.7.4)
    puma (7.1.0)
      nio4r (~> 2.0)
    rack (3.2.3)
    rack-protection (4.2.1)
      base64 (>= 0.1.0)
      logger (>= 1.6.0)
      rack (>= 3.0.0, < 4)
    rack-session (2.1.1)
      base64 (>= 0.1.0)
      rack (>= 3.0.0)
    rackup (2.2.1)
      rack (>= 3)
    ruby2_keywords (0.0.5)
    sinatra (4.2.1)
      logger (>= 1.6.0)
      mustermann (~> 3.0)
      rack (>= 3.0.0, < 4)
      rack-protection (= 4.2.1)
      rack-session (>= 2.0.0, < 3)
      tilt (~> 2.0)
    sinatra-contrib (4.2.1)
      multi_json (>= 0.0.2)
      mustermann (~> 3.0)
      rack-protection (= 4.2.1)
      sinatra (= 4.2.1)
      tilt (~> 2.0)
    sqlite3 (1.6.9)
      mini_portile2 (~> 2.8.0)
    tilt (2.6.1)
    typhoeus (1.5.0)
      ethon (>= 0.9.0, < 0.16.0)

PLATFORMS
  x64-mingw-ucrt

DEPENDENCIES
  json
  mailslurp_client
  puma
  rack
  rackup
  sinatra
  sinatra-contrib
  sqlite3 (~> 1.6.9)
  typhoeus

BUNDLED WITH
   2.6.9
